
Microsoft Visual Studio Solution File, Format Version 12.00
# Visual Studio Version 16
VisualStudioVersion = 16.0.32602.291
MinimumVisualStudioVersion = 10.0.40219.1
Project("{9A19103F-16F7-4668-BE54-9A1E7A4F7556}") = "Network", "Network\Network.csproj", "{F58C65B5-AEEF-444E-BDF8-C07669C39B7F}"
EndProject
Project("{9A19103F-16F7-4668-BE54-9A1E7A4F7556}") = "Global", "Global\Global.csproj", "{5C359F6B-4843-40F1-A771-A92A218E6961}"
EndProject
Project("{9A19103F-16F7-4668-BE54-9A1E7A4F7556}") = "Test", "Test\Test.csproj", "{4F00F96E-53F3-4170-984A-10D4900D75D3}"
EndProject
Project("{9A19103F-16F7-4668-BE54-9A1E7A4F7556}") = "Storage", "Storage\Storage.csproj", "{6FCEE379-4410-4C1F-B253-B006ABF41830}"
EndProject
Project("{FAE04EC0-301F-11D3-BF4B-00C04F79EFBC}") = "Cryptography", "Cryptography\Cryptography.csproj", "{F81E6FCE-7317-47E7-86C4-9AB0FA19777C}"
EndProject
Global
	GlobalSection(SolutionConfigurationPlatforms) = preSolution
		Debug|Any CPU = Debug|Any CPU
		Release|Any CPU = Release|Any CPU
	EndGlobalSection
	GlobalSection(ProjectConfigurationPlatforms) = postSolution
		{F58C65B5-AEEF-444E-BDF8-C07669C39B7F}.Debug|Any CPU.ActiveCfg = Debug|Any CPU
		{F58C65B5-AEEF-444E-BDF8-C07669C39B7F}.Debug|Any CPU.Build.0 = Debug|Any CPU
		{F58C65B5-AEEF-444E-BDF8-C07669C39B7F}.Release|Any CPU.ActiveCfg = Release|Any CPU
		{F58C65B5-AEEF-444E-BDF8-C07669C39B7F}.Release|Any CPU.Build.0 = Release|Any CPU
		{5C359F6B-4843-40F1-A771-A92A218E6961}.Debug|Any CPU.ActiveCfg = Debug|Any CPU
		{5C359F6B-4843-40F1-A771-A92A218E6961}.Debug|Any CPU.Build.0 = Debug|Any CPU
		{5C359F6B-4843-40F1-A771-A92A218E6961}.Release|Any CPU.ActiveCfg = Release|Any CPU
		{5C359F6B-4843-40F1-A771-A92A218E6961}.Release|Any CPU.Build.0 = Release|Any CPU
		{4F00F96E-53F3-4170-984A-10D4900D75D3}.Debug|Any CPU.ActiveCfg = Debug|Any CPU
		{4F00F96E-53F3-4170-984A-10D4900D75D3}.Debug|Any CPU.Build.0 = Debug|Any CPU
		{4F00F96E-53F3-4170-984A-10D4900D75D3}.Release|Any CPU.ActiveCfg = Release|Any CPU
		{4F00F96E-53F3-4170-984A-10D4900D75D3}.Release|Any CPU.Build.0 = Release|Any CPU
		{6FCEE379-4410-4C1F-B253-B006ABF41830}.Debug|Any CPU.ActiveCfg = Debug|Any CPU
		{6FCEE379-4410-4C1F-B253-B006ABF41830}.Debug|Any CPU.Build.0 = Debug|Any CPU
		{6FCEE379-4410-4C1F-B253-B006ABF41830}.Release|Any CPU.ActiveCfg = Release|Any CPU
		{6FCEE379-4410-4C1F-B253-B006ABF41830}.Release|Any CPU.Build.0 = Release|Any CPU
		{F81E6FCE-7317-47E7-86C4-9AB0FA19777C}.Debug|Any CPU.ActiveCfg = Debug|Any CPU
		{F81E6FCE-7317-47E7-86C4-9AB0FA19777C}.Debug|Any CPU.Build.0 = Debug|Any CPU
		{F81E6FCE-7317-47E7-86C4-9AB0FA19777C}.Release|Any CPU.ActiveCfg = Release|Any CPU
		{F81E6FCE-7317-47E7-86C4-9AB0FA19777C}.Release|Any CPU.Build.0 = Release|Any CPU
	EndGlobalSection
	GlobalSection(SolutionProperties) = preSolution
		HideSolutionNode = FALSE
	EndGlobalSection
	GlobalSection(ExtensibilityGlobals) = postSolution
		SolutionGuid = {B000DA9F-8BA8-4133-BAA4-3FD015AB392E}
	EndGlobalSection
EndGlobal
